
Microsoft Visual Studio Solution File, Format Version 12.00
# Visual Studio Version 17
VisualStudioVersion = 17.4.33403.182
MinimumVisualStudioVersion = 10.0.40219.1
Project("{FAE04EC0-301F-11D3-BF4B-00C04F79EFBC}") = "reader", "reader\reader.csproj", "{13B8C9D5-1C26-4614-ADB6-A3DECE7CD7AC}"
EndProject
Global
	GlobalSection(SolutionConfigurationPlatforms) = preSolution
		Debug|Any CPU = Debug|Any CPU
		Release|Any CPU = Release|Any CPU
	EndGlobalSection
	GlobalSection(ProjectConfigurationPlatforms) = postSolution
		{13B8C9D5-1C26-4614-ADB6-A3DECE7CD7AC}.Debug|Any CPU.ActiveCfg = Debug|Any CPU
		{13B8C9D5-1C26-4614-ADB6-A3DECE7CD7AC}.Debug|Any CPU.Build.0 = Debug|Any CPU
		{13B8C9D5-1C26-4614-ADB6-A3DECE7CD7AC}.Release|Any CPU.ActiveCfg = Release|Any CPU
		{13B8C9D5-1C26-4614-ADB6-A3DECE7CD7AC}.Release|Any CPU.Build.0 = Release|Any CPU
	EndGlobalSection
	GlobalSection(SolutionProperties) = preSolution
		HideSolutionNode = FALSE
	EndGlobalSection
	GlobalSection(ExtensibilityGlobals) = postSolution
		SolutionGuid = {53CA11C4-C412-4422-A2F2-C1263F3B789F}
	EndGlobalSection
EndGlobal
